
Microsoft Visual Studio Solution File, Format Version 12.00
# Visual Studio 15
VisualStudioVersion = 15.0.27428.2037
MinimumVisualStudioVersion = 10.0.40219.1
Project("{FAE04EC0-301F-11D3-BF4B-00C04F79EFBC}") = "SignalR_ASP.NET", "SignalR_ASP.NET\SignalR_ASP.NET.csproj", "{12D506AE-3E95-4D05-855A-809B23CF95B9}"
EndProject
Global
	GlobalSection(SolutionConfigurationPlatforms) = preSolution
		Debug|Any CPU = Debug|Any CPU
		Release|Any CPU = Release|Any CPU
	EndGlobalSection
	GlobalSection(ProjectConfigurationPlatforms) = postSolution
		{12D506AE-3E95-4D05-855A-809B23CF95B9}.Debug|Any CPU.ActiveCfg = Debug|Any CPU
		{12D506AE-3E95-4D05-855A-809B23CF95B9}.Debug|Any CPU.Build.0 = Debug|Any CPU
		{12D506AE-3E95-4D05-855A-809B23CF95B9}.Release|Any CPU.ActiveCfg = Release|Any CPU
		{12D506AE-3E95-4D05-855A-809B23CF95B9}.Release|Any CPU.Build.0 = Release|Any CPU
	EndGlobalSection
	GlobalSection(SolutionProperties) = preSolution
		HideSolutionNode = FALSE
	EndGlobalSection
	GlobalSection(ExtensibilityGlobals) = postSolution
		SolutionGuid = {61D40BB0-001C-4CBA-B556-3E0EE82E2CC6}
	EndGlobalSection
EndGlobal
